
Microsoft Visual Studio Solution File, Format Version 12.00
# Visual Studio 2013
VisualStudioVersion = 12.0.21005.1
MinimumVisualStudioVersion = 10.0.40219.1
Project("{FAE04EC0-301F-11D3-BF4B-00C04F79EFBC}") = "ChessCore", "GameTemplate\ChessCore.csproj", "{C5B11426-C04F-4882-8640-031FD9461FAA}"
EndProject
Project("{FAE04EC0-301F-11D3-BF4B-00C04F79EFBC}") = "ClientAPI", "ClientAPI\ClientAPI.csproj", "{60C609FD-BD7F-4B8E-9028-91052BC34FD4}"
EndProject
Project("{FAE04EC0-301F-11D3-BF4B-00C04F79EFBC}") = "ChessClient", "ChessClient\ChessClient.csproj", "{0B6A719B-560F-4858-BA20-177FE46C3DB2}"
EndProject
Project("{FAE04EC0-301F-11D3-BF4B-00C04F79EFBC}") = "Network", "Network\Network.csproj", "{F16BF67B-F1CE-4425-8122-A11A27CC287A}"
EndProject
Project("{FAE04EC0-301F-11D3-BF4B-00C04F79EFBC}") = "LogInScreen", "LogInScreen\LogInScreen.csproj", "{2A161069-4E7C-4D55-BA0B-F8234C2E7044}"
EndProject
Project("{FAE04EC0-301F-11D3-BF4B-00C04F79EFBC}") = "WaitScreen", "WaitScreen\WaitScreen.csproj", "{C4E7BE94-E599-4C4A-A8E3-C6C660227315}"
EndProject
Project("{FAE04EC0-301F-11D3-BF4B-00C04F79EFBC}") = "MainScreen", "MainScreen\MainScreen.csproj", "{E6C2C295-E37B-457B-A3EC-ECCE5B89F8D3}"
EndProject
Project("{FAE04EC0-301F-11D3-BF4B-00C04F79EFBC}") = "Rendering", "Rendering\Rendering.csproj", "{7D01CD0E-563B-4C14-9AD3-3D1D8B881E79}"
EndProject
Project("{FAE04EC0-301F-11D3-BF4B-00C04F79EFBC}") = "ChessServer", "ChessServer\ChessServer.csproj", "{B40185F3-186B-4CC8-9AFD-1BCF86028C56}"
EndProject
Project("{FAE04EC0-301F-11D3-BF4B-00C04F79EFBC}") = "GameScreen", "GameScreen\GameScreen.csproj", "{3FFA346C-78B3-4D3D-BB55-66B587485256}"
EndProject
Project("{FAE04EC0-301F-11D3-BF4B-00C04F79EFBC}") = "ChatScreen", "ChatScreen\ChatScreen.csproj", "{3512F813-0D78-468C-95B8-C4438D4D76F4}"
EndProject
Global
	GlobalSection(SolutionConfigurationPlatforms) = preSolution
		Debug|Any CPU = Debug|Any CPU
		Release|Any CPU = Release|Any CPU
	EndGlobalSection
	GlobalSection(ProjectConfigurationPlatforms) = postSolution
		{C5B11426-C04F-4882-8640-031FD9461FAA}.Debug|Any CPU.ActiveCfg = Debug|Any CPU
		{C5B11426-C04F-4882-8640-031FD9461FAA}.Debug|Any CPU.Build.0 = Debug|Any CPU
		{C5B11426-C04F-4882-8640-031FD9461FAA}.Release|Any CPU.ActiveCfg = Release|Any CPU
		{C5B11426-C04F-4882-8640-031FD9461FAA}.Release|Any CPU.Build.0 = Release|Any CPU
		{60C609FD-BD7F-4B8E-9028-91052BC34FD4}.Debug|Any CPU.ActiveCfg = Debug|Any CPU
		{60C609FD-BD7F-4B8E-9028-91052BC34FD4}.Debug|Any CPU.Build.0 = Debug|Any CPU
		{60C609FD-BD7F-4B8E-9028-91052BC34FD4}.Release|Any CPU.ActiveCfg = Release|Any CPU
		{60C609FD-BD7F-4B8E-9028-91052BC34FD4}.Release|Any CPU.Build.0 = Release|Any CPU
		{0B6A719B-560F-4858-BA20-177FE46C3DB2}.Debug|Any CPU.ActiveCfg = Debug|Any CPU
		{0B6A719B-560F-4858-BA20-177FE46C3DB2}.Debug|Any CPU.Build.0 = Debug|Any CPU
		{0B6A719B-560F-4858-BA20-177FE46C3DB2}.Release|Any CPU.ActiveCfg = Release|Any CPU
		{0B6A719B-560F-4858-BA20-177FE46C3DB2}.Release|Any CPU.Build.0 = Release|Any CPU
		{F16BF67B-F1CE-4425-8122-A11A27CC287A}.Debug|Any CPU.ActiveCfg = Debug|Any CPU
		{F16BF67B-F1CE-4425-8122-A11A27CC287A}.Debug|Any CPU.Build.0 = Debug|Any CPU
		{F16BF67B-F1CE-4425-8122-A11A27CC287A}.Release|Any CPU.ActiveCfg = Release|Any CPU
		{F16BF67B-F1CE-4425-8122-A11A27CC287A}.Release|Any CPU.Build.0 = Release|Any CPU
		{2A161069-4E7C-4D55-BA0B-F8234C2E7044}.Debug|Any CPU.ActiveCfg = Debug|Any CPU
		{2A161069-4E7C-4D55-BA0B-F8234C2E7044}.Debug|Any CPU.Build.0 = Debug|Any CPU
		{2A161069-4E7C-4D55-BA0B-F8234C2E7044}.Release|Any CPU.ActiveCfg = Release|Any CPU
		{2A161069-4E7C-4D55-BA0B-F8234C2E7044}.Release|Any CPU.Build.0 = Release|Any CPU
		{C4E7BE94-E599-4C4A-A8E3-C6C660227315}.Debug|Any CPU.ActiveCfg = Debug|Any CPU
		{C4E7BE94-E599-4C4A-A8E3-C6C660227315}.Debug|Any CPU.Build.0 = Debug|Any CPU
		{C4E7BE94-E599-4C4A-A8E3-C6C660227315}.Release|Any CPU.ActiveCfg = Release|Any CPU
		{C4E7BE94-E599-4C4A-A8E3-C6C660227315}.Release|Any CPU.Build.0 = Release|Any CPU
		{E6C2C295-E37B-457B-A3EC-ECCE5B89F8D3}.Debug|Any CPU.ActiveCfg = Debug|Any CPU
		{E6C2C295-E37B-457B-A3EC-ECCE5B89F8D3}.Debug|Any CPU.Build.0 = Debug|Any CPU
		{E6C2C295-E37B-457B-A3EC-ECCE5B89F8D3}.Release|Any CPU.ActiveCfg = Release|Any CPU
		{E6C2C295-E37B-457B-A3EC-ECCE5B89F8D3}.Release|Any CPU.Build.0 = Release|Any CPU
		{7D01CD0E-563B-4C14-9AD3-3D1D8B881E79}.Debug|Any CPU.ActiveCfg = Debug|Any CPU
		{7D01CD0E-563B-4C14-9AD3-3D1D8B881E79}.Debug|Any CPU.Build.0 = Debug|Any CPU
		{7D01CD0E-563B-4C14-9AD3-3D1D8B881E79}.Release|Any CPU.ActiveCfg = Release|Any CPU
		{7D01CD0E-563B-4C14-9AD3-3D1D8B881E79}.Release|Any CPU.Build.0 = Release|Any CPU
		{B40185F3-186B-4CC8-9AFD-1BCF86028C56}.Debug|Any CPU.ActiveCfg = Debug|Any CPU
		{B40185F3-186B-4CC8-9AFD-1BCF86028C56}.Debug|Any CPU.Build.0 = Debug|Any CPU
		{B40185F3-186B-4CC8-9AFD-1BCF86028C56}.Release|Any CPU.ActiveCfg = Release|Any CPU
		{B40185F3-186B-4CC8-9AFD-1BCF86028C56}.Release|Any CPU.Build.0 = Release|Any CPU
		{3FFA346C-78B3-4D3D-BB55-66B587485256}.Debug|Any CPU.ActiveCfg = Debug|Any CPU
		{3FFA346C-78B3-4D3D-BB55-66B587485256}.Debug|Any CPU.Build.0 = Debug|Any CPU
		{3FFA346C-78B3-4D3D-BB55-66B587485256}.Release|Any CPU.ActiveCfg = Release|Any CPU
		{3FFA346C-78B3-4D3D-BB55-66B587485256}.Release|Any CPU.Build.0 = Release|Any CPU
		{3512F813-0D78-468C-95B8-C4438D4D76F4}.Debug|Any CPU.ActiveCfg = Debug|Any CPU
		{3512F813-0D78-468C-95B8-C4438D4D76F4}.Debug|Any CPU.Build.0 = Debug|Any CPU
		{3512F813-0D78-468C-95B8-C4438D4D76F4}.Release|Any CPU.ActiveCfg = Release|Any CPU
		{3512F813-0D78-468C-95B8-C4438D4D76F4}.Release|Any CPU.Build.0 = Release|Any CPU
	EndGlobalSection
	GlobalSection(SolutionProperties) = preSolution
		HideSolutionNode = FALSE
	EndGlobalSection
EndGlobal
